// !$*UTF8*$!
{
	archiveVersion = 1;
	classes = {
	};
	objectVersion = 51;
	objects = {

/* Begin PBXBuildFile section */
		0139F908832C931383D08A67 /* Pods_Goffstown_Sports_App.framework in Frameworks */ = {isa = PBXBuildFile; fileRef = C6F8BDEAF1199BD9F4AF2478 /* Pods_Goffstown_Sports_App.framework */; };
		DE0F9C7D22C53D6600053A6F /* GoogleService-Info.plist in Resources */ = {isa = PBXBuildFile; fileRef = DE0F9C7C22C53D6600053A6F /* GoogleService-Info.plist */; };
		DE9F948E22C539D800631400 /* AppDelegate.swift in Sources */ = {isa = PBXBuildFile; fileRef = DE9F948D22C539D800631400 /* AppDelegate.swift */; };
		DE9F949022C539D800631400 /* ViewController.swift in Sources */ = {isa = PBXBuildFile; fileRef = DE9F948F22C539D800631400 /* ViewController.swift */; };
		DE9F949322C539D800631400 /* Main.storyboard in Resources */ = {isa = PBXBuildFile; fileRef = DE9F949122C539D800631400 /* Main.storyboard */; };
		DE9F949522C539D900631400 /* Assets.xcassets in Resources */ = {isa = PBXBuildFile; fileRef = DE9F949422C539D900631400 /* Assets.xcassets */; };
		DE9F949822C539D900631400 /* LaunchScreen.storyboard in Resources */ = {isa = PBXBuildFile; fileRef = DE9F949622C539D900631400 /* LaunchScreen.storyboard */; };
/* End PBXBuildFile section */

/* Begin PBXFileReference section */
		1DF1C2DF21637D2EA399AD55 /* Pods-Goffstown-Sports-App.release.xcconfig */ = {isa = PBXFileReference; includeInIndex = 1; lastKnownFileType = text.xcconfig; name = "Pods-Goffstown-Sports-App.release.xcconfig"; path = "Target Support Files/Pods-Goffstown-Sports-App/Pods-Goffstown-Sports-App.release.xcconfig"; sourceTree = "<group>"; };
		A15440BFAFF3DB2F82CAAE24 /* Pods-Goffstown-Sports-App.debug.xcconfig */ = {isa = PBXFileReference; includeInIndex = 1; lastKnownFileType = text.xcconfig; name = "Pods-Goffstown-Sports-App.debug.xcconfig"; path = "Target Support Files/Pods-Goffstown-Sports-App/Pods-Goffstown-Sports-App.debug.xcconfig"; sourceTree = "<group>"; };
		C6F8BDEAF1199BD9F4AF2478 /* Pods_Goffstown_Sports_App.framework */ = {isa = PBXFileReference; explicitFileType = wrapper.framework; includeInIndex = 0; path = Pods_Goffstown_Sports_App.framework; sourceTree = BUILT_PRODUCTS_DIR; };
		DE0F9C7C22C53D6600053A6F /* GoogleService-Info.plist */ = {isa = PBXFileReference; fileEncoding = 4; lastKnownFileType = text.plist.xml; name = "GoogleService-Info.plist"; path = "../../../../../Downloads/GoogleService-Info.plist"; sourceTree = "<group>"; };
		DE9F948A22C539D800631400 /* Goffstown-Sports-App.app */ = {isa = PBXFileReference; explicitFileType = wrapper.application; includeInIndex = 0; path = "Goffstown-Sports-App.app"; sourceTree = BUILT_PRODUCTS_DIR; };
		DE9F948D22C539D800631400 /* AppDelegate.swift */ = {isa = PBXFileReference; lastKnownFileType = sourcecode.swift; path = AppDelegate.swift; sourceTree = "<group>"; };
		DE9F948F22C539D800631400 /* ViewController.swift */ = {isa = PBXFileReference; lastKnownFileType = sourcecode.swift; path = ViewController.swift; sourceTree = "<group>"; };
		DE9F949222C539D800631400 /* Base */ = {isa = PBXFileReference; lastKnownFileType = file.storyboard; name = Base; path = Base.lproj/Main.storyboard; sourceTree = "<group>"; };
		DE9F949422C539D900631400 /* Assets.xcassets */ = {isa = PBXFileReference; lastKnownFileType = folder.assetcatalog; path = Assets.xcassets; sourceTree = "<group>"; };
		DE9F949722C539D900631400 /* Base */ = {isa = PBXFileReference; lastKnownFileType = file.storyboard; name = Base; path = Base.lproj/LaunchScreen.storyboard; sourceTree = "<group>"; };
		DE9F949922C539D900631400 /* Info.plist */ = {isa = PBXFileReference; lastKnownFileType = text.plist.xml; path = Info.plist; sourceTree = "<group>"; };
/* End PBXFileReference section */

/* Begin PBXFrameworksBuildPhase section */
		DE9F948722C539D800631400 /* Frameworks */ = {
			isa = PBXFrameworksBuildPhase;
			buildActionMask = 2147483647;
			files = (
				0139F908832C931383D08A67 /* Pods_Goffstown_Sports_App.framework in Frameworks */,
			);
			runOnlyForDeploymentPostprocessing = 0;
		};
/* End PBXFrameworksBuildPhase section */

/* Begin PBXGroup section */
		38DD0D444AABE2F0650FCA1F /* Frameworks */ = {
			isa = PBXGroup;
			children = (
				C6F8BDEAF1199BD9F4AF2478 /* Pods_Goffstown_Sports_App.framework */,
			);
			name = Frameworks;
			sourceTree = "<group>";
		};
		DE9F948122C539D800631400 = {
			isa = PBXGroup;
			children = (
				DE9F948C22C539D800631400 /* Goffstown-Sports-App */,
				DE9F948B22C539D800631400 /* Products */,
				F00469220DE1823BAB1A92E6 /* Pods */,
				38DD0D444AABE2F0650FCA1F /* Frameworks */,
			);
			sourceTree = "<group>";
		};
		DE9F948B22C539D800631400 /* Products */ = {
			isa = PBXGroup;
			children = (
				DE9F948A22C539D800631400 /* Goffstown-Sports-App.app */,
			);
			name = Products;
			sourceTree = "<group>";
		};
		DE9F948C22C539D800631400 /* Goffstown-Sports-App */ = {
			isa = PBXGroup;
			children = (
				DE9F948D22C539D800631400 /* AppDelegate.swift */,
				DE9F948F22C539D800631400 /* ViewController.swift */,
				DE9F949122C539D800631400 /* Main.storyboard */,
				DE9F949422C539D900631400 /* Assets.xcassets */,
				DE9F949622C539D900631400 /* LaunchScreen.storyboard */,
				DE9F949922C539D900631400 /* Info.plist */,
				DE0F9C7C22C53D6600053A6F /* GoogleService-Info.plist */,
			);
			path = "Goffstown-Sports-App";
			sourceTree = "<group>";
		};
		F00469220DE1823BAB1A92E6 /* Pods */ = {
			isa = PBXGroup;
			children = (
				A15440BFAFF3DB2F82CAAE24 /* Pods-Goffstown-Sports-App.debug.xcconfig */,
				1DF1C2DF21637D2EA399AD55 /* Pods-Goffstown-Sports-App.release.xcconfig */,
			);
			path = Pods;
			sourceTree = "<group>";
		};
/* End PBXGroup section */

/* Begin PBXNativeTarget section */
		DE9F948922C539D800631400 /* Goffstown-Sports-App */ = {
			isa = PBXNativeTarget;
			buildConfigurationList = DE9F949C22C539D900631400 /* Build configuration list for PBXNativeTarget "Goffstown-Sports-App" */;
			buildPhases = (
				B6D977FC4C445A5EA9E2ED75 /* [CP] Check Pods Manifest.lock */,
				DE9F948622C539D800631400 /* Sources */,
				DE9F948722C539D800631400 /* Frameworks */,
				DE9F948822C539D800631400 /* Resources */,
				90CC889576DCF8881A6FD7D7 /* [CP] Embed Pods Frameworks */,
			);
			buildRules = (
			);
			dependencies = (
			);
			name = "Goffstown-Sports-App";
			productName = "Goffstown-Sports-App";
			productReference = DE9F948A22C539D800631400 /* Goffstown-Sports-App.app */;
			productType = "com.apple.product-type.application";
		};
/* End PBXNativeTarget section */

/* Begin PBXProject section */
		DE9F948222C539D800631400 /* Project object */ = {
			isa = PBXProject;
			attributes = {
				LastSwiftUpdateCheck = 1020;
				LastUpgradeCheck = 1020;
				ORGANIZATIONNAME = "Matthew Gleich";
				TargetAttributes = {
					DE9F948922C539D800631400 = {
						CreatedOnToolsVersion = 10.2.1;
					};
				};
			};
			buildConfigurationList = DE9F948522C539D800631400 /* Build configuration list for PBXProject "Goffstown-Sports-App" */;
			compatibilityVersion = "Xcode 9.3";
			developmentRegion = en;
			hasScannedForEncodings = 0;
			knownRegions = (
				en,
				Base,
			);
			mainGroup = DE9F948122C539D800631400;
			productRefGroup = DE9F948B22C539D800631400 /* Products */;
			projectDirPath = "";
			projectRoot = "";
			targets = (
				DE9F948922C539D800631400 /* Goffstown-Sports-App */,
			);
		};
/* End PBXProject section */

/* Begin PBXResourcesBuildPhase section */
		DE9F948822C539D800631400 /* Resources */ = {
			isa = PBXResourcesBuildPhase;
			buildActionMask = 2147483647;
			files = (
				DE9F949822C539D900631400 /* LaunchScreen.storyboard in Resources */,
				DE0F9C7D22C53D6600053A6F /* GoogleService-Info.plist in Resources */,
				DE9F949522C539D900631400 /* Assets.xcassets in Resources */,
				DE9F949322C539D800631400 /* Main.storyboard in Resources */,
			);
			runOnlyForDeploymentPostprocessing = 0;
		};
/* End PBXResourcesBuildPhase section */

/* Begin PBXShellScriptBuildPhase section */
		90CC889576DCF8881A6FD7D7 /* [CP] Embed Pods Frameworks */ = {
			isa = PBXShellScriptBuildPhase;
			buildActionMask = 2147483647;
			files = (
			);
			inputFileListPaths = (
				"${PODS_ROOT}/Target Support Files/Pods-Goffstown-Sports-App/Pods-Goffstown-Sports-App-frameworks-${CONFIGURATION}-input-files.xcfilelist",
			);
			name = "[CP] Embed Pods Frameworks";
			outputFileListPaths = (
				"${PODS_ROOT}/Target Support Files/Pods-Goffstown-Sports-App/Pods-Goffstown-Sports-App-frameworks-${CONFIGURATION}-output-files.xcfilelist",
			);
			runOnlyForDeploymentPostprocessing = 0;
			shellPath = /bin/sh;
			shellScript = "\"${PODS_ROOT}/Target Support Files/Pods-Goffstown-Sports-App/Pods-Goffstown-Sports-App-frameworks.sh\"\n";
			showEnvVarsInLog = 0;
		};
		B6D977FC4C445A5EA9E2ED75 /* [CP] Check Pods Manifest.lock */ = {
			isa = PBXShellScriptBuildPhase;
			buildActionMask = 2147483647;
			files = (
			);
			inputFileListPaths = (
			);
			inputPaths = (
				"${PODS_PODFILE_DIR_PATH}/Podfile.lock",
				"${PODS_ROOT}/Manifest.lock",
			);
			name = "[CP] Check Pods Manifest.lock";
			outputFileListPaths = (
			);
			outputPaths = (
				"$(DERIVED_FILE_DIR)/Pods-Goffstown-Sports-App-checkManifestLockResult.txt",
			);
			runOnlyForDeploymentPostprocessing = 0;
			shellPath = /bin/sh;
			shellScript = "diff \"${PODS_PODFILE_DIR_PATH}/Podfile.lock\" \"${PODS_ROOT}/Manifest.lock\" > /dev/null\nif [ $? != 0 ] ; then\n    # print error to STDERR\n    echo \"error: The sandbox is not in sync with the Podfile.lock. Run 'pod install' or update your CocoaPods installation.\" >&2\n    exit 1\nfi\n# This output is used by Xcode 'outputs' to avoid re-running this script phase.\necho \"SUCCESS\" > \"${SCRIPT_OUTPUT_FILE_0}\"\n";
			showEnvVarsInLog = 0;
		};
/* End PBXShellScriptBuildPhase section */

/* Begin PBXSourcesBuildPhase section */
		DE9F948622C539D800631400 /* Sources */ = {
			isa = PBXSourcesBuildPhase;
			buildActionMask = 2147483647;
			files = (
				DE9F949022C539D800631400 /* ViewController.swift in Sources */,
				DE9F948E22C539D800631400 /* AppDelegate.swift in Sources */,
			);
			runOnlyForDeploymentPostprocessing = 0;
		};
/* End PBXSourcesBuildPhase section */

/* Begin PBXVariantGroup section */
		DE9F949122C539D800631400 /* Main.storyboard */ = {
			isa = PBXVariantGroup;
			children = (
				DE9F949222C539D800631400 /* Base */,
			);
			name = Main.storyboard;
			sourceTree = "<group>";
		};
		DE9F949622C539D900631400 /* LaunchScreen.storyboard */ = {
			isa = PBXVariantGroup;
			children = (
				DE9F949722C539D900631400 /* Base */,
			);
			name = LaunchScreen.storyboard;
			sourceTree = "<group>";
		};
/* End PBXVariantGroup section */

/* Begin XCBuildConfiguration section */
		DE9F949A22C539D900631400 /* Debug */ = {
			isa = XCBuildConfiguration;
			buildSettings = {
				ALWAYS_SEARCH_USER_PATHS = NO;
				CLANG_ANALYZER_NONNULL = YES;
				CLANG_ANALYZER_NUMBER_OBJECT_CONVERSION = YES_AGGRESSIVE;
				CLANG_CXX_LANGUAGE_STANDARD = "gnu++14";
				CLANG_CXX_LIBRARY = "libc++";
				CLANG_ENABLE_MODULES = YES;
				CLANG_ENABLE_OBJC_ARC = YES;
				CLANG_ENABLE_OBJC_WEAK = YES;
				CLANG_WARN_BLOCK_CAPTURE_AUTORELEASING = YES;
				CLANG_WARN_BOOL_CONVERSION = YES;
				CLANG_WARN_COMMA = YES;
				CLANG_WARN_CONSTANT_CONVERSION = YES;
				CLANG_WARN_DEPRECATED_OBJC_IMPLEMENTATIONS = YES;
				CLANG_WARN_DIRECT_OBJC_ISA_USAGE = YES_ERROR;
				CLANG_WARN_DOCUMENTATION_COMMENTS = YES;
				CLANG_WARN_EMPTY_BODY = YES;
				CLANG_WARN_ENUM_CONVERSION = YES;
				CLANG_WARN_INFINITE_RECURSION = YES;
				CLANG_WARN_INT_CONVERSION = YES;
				CLANG_WARN_NON_LITERAL_NULL_CONVERSION = YES;
				CLANG_WARN_OBJC_IMPLICIT_RETAIN_SELF = YES;
				CLANG_WARN_OBJC_LITERAL_CONVERSION = YES;
				CLANG_WARN_OBJC_ROOT_CLASS = YES_ERROR;
				CLANG_WARN_RANGE_LOOP_ANALYSIS = YES;
				CLANG_WARN_STRICT_PROTOTYPES = YES;
				CLANG_WARN_SUSPICIOUS_MOVE = YES;
				CLANG_WARN_UNGUARDED_AVAILABILITY = YES_AGGRESSIVE;
				CLANG_WARN_UNREACHABLE_CODE = YES;
				CLANG_WARN__DUPLICATE_METHOD_MATCH = YES;
				CODE_SIGN_IDENTITY = "iPhone Developer";
				COPY_PHASE_STRIP = NO;
				DEBUG_INFORMATION_FORMAT = dwarf;
				ENABLE_STRICT_OBJC_MSGSEND = YES;
				ENABLE_TESTABILITY = YES;
				GCC_C_LANGUAGE_STANDARD = gnu11;
				GCC_DYNAMIC_NO_PIC = NO;
				GCC_NO_COMMON_BLOCKS = YES;
				GCC_OPTIMIZATION_LEVEL = 0;
				GCC_PREPROCESSOR_DEFINITIONS = (
					"DEBUG=1",
					"$(inherited)",
				);
				GCC_WARN_64_TO_32_BIT_CONVERSION = YES;
				GCC_WARN_ABOUT_RETURN_TYPE = YES_ERROR;
				GCC_WARN_UNDECLARED_SELECTOR = YES;
				GCC_WARN_UNINITIALIZED_AUTOS = YES_AGGRESSIVE;
				GCC_WARN_UNUSED_FUNCTION = YES;
				GCC_WARN_UNUSED_VARIABLE = YES;
				IPHONEOS_DEPLOYMENT_TARGET = 12.2;
				MTL_ENABLE_DEBUG_INFO = INCLUDE_SOURCE;
				MTL_FAST_MATH = YES;
				ONLY_ACTIVE_ARCH = YES;
				SDKROOT = iphoneos;
				SWIFT_ACTIVE_COMPILATION_CONDITIONS = DEBUG;
				SWIFT_OPTIMIZATION_LEVEL = "-Onone";
			};
			name = Debug;
		};
		DE9F949B22C539D900631400 /* Release */ = {
			isa = XCBuildConfiguration;
			buildSettings = {
				ALWAYS_SEARCH_USER_PATHS = NO;
				CLANG_ANALYZER_NONNULL = YES;
				CLANG_ANALYZER_NUMBER_OBJECT_CONVERSION = YES_AGGRESSIVE;
				CLANG_CXX_LANGUAGE_STANDARD = "gnu++14";
				CLANG_CXX_LIBRARY = "libc++";
				CLANG_ENABLE_MODULES = YES;
				CLANG_ENABLE_OBJC_ARC = YES;
				CLANG_ENABLE_OBJC_WEAK = YES;
				CLANG_WARN_BLOCK_CAPTURE_AUTORELEASING = YES;
				CLANG_WARN_BOOL_CONVERSION = YES;
				CLANG_WARN_COMMA = YES;
				CLANG_WARN_CONSTANT_CONVERSION = YES;
				CLANG_WARN_DEPRECATED_OBJC_IMPLEMENTATIONS = YES;
				CLANG_WARN_DIRECT_OBJC_ISA_USAGE = YES_ERROR;
				CLANG_WARN_DOCUMENTATION_COMMENTS = YES;
				CLANG_WARN_EMPTY_BODY = YES;
				CLANG_WARN_ENUM_CONVERSION = YES;
				CLANG_WARN_INFINITE_RECURSION = YES;
				CLANG_WARN_INT_CONVERSION = YES;
				CLANG_WARN_NON_LITERAL_NULL_CONVERSION = YES;
				CLANG_WARN_OBJC_IMPLICIT_RETAIN_SELF = YES;
				CLANG_WARN_OBJC_LITERAL_CONVERSION = YES;
				CLANG_WARN_OBJC_ROOT_CLASS = YES_ERROR;
				CLANG_WARN_RANGE_LOOP_ANALYSIS = YES;
				CLANG_WARN_STRICT_PROTOTYPES = YES;
				CLANG_WARN_SUSPICIOUS_MOVE = YES;
				CLANG_WARN_UNGUARDED_AVAILABILITY = YES_AGGRESSIVE;
				CLANG_WARN_UNREACHABLE_CODE = YES;
				CLANG_WARN__DUPLICATE_METHOD_MATCH = YES;
				CODE_SIGN_IDENTITY = "iPhone Developer";
				COPY_PHASE_STRIP = NO;
				DEBUG_INFORMATION_FORMAT = "dwarf-with-dsym";
				ENABLE_NS_ASSERTIONS = NO;
				ENABLE_STRICT_OBJC_MSGSEND = YES;
				GCC_C_LANGUAGE_STANDARD = gnu11;
				GCC_NO_COMMON_BLOCKS = YES;
				GCC_WARN_64_TO_32_BIT_CONVERSION = YES;
				GCC_WARN_ABOUT_RETURN_TYPE = YES_ERROR;
				GCC_WARN_UNDECLARED_SELECTOR = YES;
				GCC_WARN_UNINITIALIZED_AUTOS = YES_AGGRESSIVE;
				GCC_WARN_UNUSED_FUNCTION = YES;
				GCC_WARN_UNUSED_VARIABLE = YES;
				IPHONEOS_DEPLOYMENT_TARGET = 12.2;
				MTL_ENABLE_DEBUG_INFO = NO;
				MTL_FAST_MATH = YES;
				SDKROOT = iphoneos;
				SWIFT_COMPILATION_MODE = wholemodule;
				SWIFT_OPTIMIZATION_LEVEL = "-O";
				VALIDATE_PRODUCT = YES;
			};
			name = Release;
		};
		DE9F949D22C539D900631400 /* Debug */ = {
			isa = XCBuildConfiguration;
			baseConfigurationReference = A15440BFAFF3DB2F82CAAE24 /* Pods-Goffstown-Sports-App.debug.xcconfig */;
			buildSettings = {
				ASSETCATALOG_COMPILER_APPICON_NAME = AppIcon;
				CODE_SIGN_STYLE = Automatic;
				DEVELOPMENT_TEAM = FP2H2AD5XG;
				INFOPLIST_FILE = "Goffstown-Sports-App/Info.plist";
				LD_RUNPATH_SEARCH_PATHS = (
					"$(inherited)",
					"@executable_path/Frameworks",
				);
				PRODUCT_BUNDLE_IDENTIFIER = "com.matthewgleich.Goffstown-Sports-App";
				PRODUCT_NAME = "$(TARGET_NAME)";
				SWIFT_VERSION = 5.0;
				TARGETED_DEVICE_FAMILY = "1,2";
			};
			name = Debug;
		};
		DE9F949E22C539D900631400 /* Release */ = {
			isa = XCBuildConfiguration;
			baseConfigurationReference = 1DF1C2DF21637D2EA399AD55 /* Pods-Goffstown-Sports-App.release.xcconfig */;
			buildSettings = {
				ASSETCATALOG_COMPILER_APPICON_NAME = AppIcon;
				CODE_SIGN_STYLE = Automatic;
				DEVELOPMENT_TEAM = FP2H2AD5XG;
				INFOPLIST_FILE = "Goffstown-Sports-App/Info.plist";
				LD_RUNPATH_SEARCH_PATHS = (
					"$(inherited)",
					"@executable_path/Frameworks",
				);
				PRODUCT_BUNDLE_IDENTIFIER = "com.matthewgleich.Goffstown-Sports-App";
				PRODUCT_NAME = "$(TARGET_NAME)";
				SWIFT_VERSION = 5.0;
				TARGETED_DEVICE_FAMILY = "1,2";
			};
			name = Release;
		};
/* End XCBuildConfiguration section */

/* Begin XCConfigurationList section */
		DE9F948522C539D800631400 /* Build configuration list for PBXProject "Goffstown-Sports-App" */ = {
			isa = XCConfigurationList;
			buildConfigurations = (
				DE9F949A22C539D900631400 /* Debug */,
				DE9F949B22C539D900631400 /* Release */,
			);
			defaultConfigurationIsVisible = 0;
			defaultConfigurationName = Release;
		};
		DE9F949C22C539D900631400 /* Build configuration list for PBXNativeTarget "Goffstown-Sports-App" */ = {
			isa = XCConfigurationList;
			buildConfigurations = (
				DE9F949D22C539D900631400 /* Debug */,
				DE9F949E22C539D900631400 /* Release */,
			);
			defaultConfigurationIsVisible = 0;
			defaultConfigurationName = Release;
		};
/* End XCConfigurationList section */
	};
	rootObject = DE9F948222C539D800631400 /* Project object */;
}
